
Microsoft Visual Studio Solution File, Format Version 12.00
# Visual Studio Version 16
VisualStudioVersion = 16.0.29503.13
MinimumVisualStudioVersion = 10.0.40219.1
Project("{FAE04EC0-301F-11D3-BF4B-00C04F79EFBC}") = "XYZ Airlines Limited", "XYZ Airlines Limited\XYZ Airlines Limited.csproj", "{412829D9-E40D-4A2F-95BC-9D78E4B1A708}"
EndProject
Global
	GlobalSection(SolutionConfigurationPlatforms) = preSolution
		Debug|Any CPU = Debug|Any CPU
		Release|Any CPU = Release|Any CPU
	EndGlobalSection
	GlobalSection(ProjectConfigurationPlatforms) = postSolution
		{412829D9-E40D-4A2F-95BC-9D78E4B1A708}.Debug|Any CPU.ActiveCfg = Debug|Any CPU
		{412829D9-E40D-4A2F-95BC-9D78E4B1A708}.Debug|Any CPU.Build.0 = Debug|Any CPU
		{412829D9-E40D-4A2F-95BC-9D78E4B1A708}.Release|Any CPU.ActiveCfg = Release|Any CPU
		{412829D9-E40D-4A2F-95BC-9D78E4B1A708}.Release|Any CPU.Build.0 = Release|Any CPU
	EndGlobalSection
	GlobalSection(SolutionProperties) = preSolution
		HideSolutionNode = FALSE
	EndGlobalSection
	GlobalSection(ExtensibilityGlobals) = postSolution
		SolutionGuid = {75F3FB3A-F0FD-424C-9573-1D9D2D14A7AB}
	EndGlobalSection
EndGlobal
